
Microsoft Visual Studio Solution File, Format Version 12.00
# Visual Studio Version 17
VisualStudioVersion = 17.3.32819.101
MinimumVisualStudioVersion = 10.0.40219.1
Project("{FAE04EC0-301F-11D3-BF4B-00C04F79EFBC}") = "DesignPatterns", "DesignPatterns\DesignPatterns.csproj", "{C1B5D51A-3F2A-4256-B172-7B0FFBCA9478}"
EndProject
Project("{FAE04EC0-301F-11D3-BF4B-00C04F79EFBC}") = "DesignPatternsTests", "DesignPatternsTests\DesignPatternsTests.csproj", "{EA6E29CE-BEEC-47F2-B4AE-3D421F5262CE}"
EndProject
Global
	GlobalSection(SolutionConfigurationPlatforms) = preSolution
		Debug|Any CPU = Debug|Any CPU
		Release|Any CPU = Release|Any CPU
	EndGlobalSection
	GlobalSection(ProjectConfigurationPlatforms) = postSolution
		{C1B5D51A-3F2A-4256-B172-7B0FFBCA9478}.Debug|Any CPU.ActiveCfg = Debug|Any CPU
		{C1B5D51A-3F2A-4256-B172-7B0FFBCA9478}.Debug|Any CPU.Build.0 = Debug|Any CPU
		{C1B5D51A-3F2A-4256-B172-7B0FFBCA9478}.Release|Any CPU.ActiveCfg = Release|Any CPU
		{C1B5D51A-3F2A-4256-B172-7B0FFBCA9478}.Release|Any CPU.Build.0 = Release|Any CPU
		{EA6E29CE-BEEC-47F2-B4AE-3D421F5262CE}.Debug|Any CPU.ActiveCfg = Debug|Any CPU
		{EA6E29CE-BEEC-47F2-B4AE-3D421F5262CE}.Debug|Any CPU.Build.0 = Debug|Any CPU
		{EA6E29CE-BEEC-47F2-B4AE-3D421F5262CE}.Release|Any CPU.ActiveCfg = Release|Any CPU
		{EA6E29CE-BEEC-47F2-B4AE-3D421F5262CE}.Release|Any CPU.Build.0 = Release|Any CPU
	EndGlobalSection
	GlobalSection(SolutionProperties) = preSolution
		HideSolutionNode = FALSE
	EndGlobalSection
	GlobalSection(ExtensibilityGlobals) = postSolution
		SolutionGuid = {8A47F805-0F30-4BA7-8A4A-19020E26B889}
	EndGlobalSection
EndGlobal
